// !$*UTF8*$!
{
	archiveVersion = 1;
	classes = {
	};
	objectVersion = 70;
	objects = {

/* Begin PBXBuildFile section */
		076713F92EA02433007040C0 /* kick_9.caf in Resources */ = {isa = PBXBuildFile; fileRef = 076713D62EA02433007040C0 /* kick_9.caf */; };
		076713FA2EA02433007040C0 /* perc_6.caf in Resources */ = {isa = PBXBuildFile; fileRef = 076713E32EA02433007040C0 /* perc_6.caf */; };
		076713FB2EA02433007040C0 /* perc_3.caf in Resources */ = {isa = PBXBuildFile; fileRef = 076713E02EA02433007040C0 /* perc_3.caf */; };
		076713FC2EA02433007040C0 /* snare_8.caf in Resources */ = {isa = PBXBuildFile; fileRef = 076713EF2EA02433007040C0 /* snare_8.caf */; };
		076713FD2EA02433007040C0 /* kick_13.caf in Resources */ = {isa = PBXBuildFile; fileRef = 076713DA2EA02433007040C0 /* kick_13.caf */; };
		076713FE2EA02433007040C0 /* snare_1.caf in Resources */ = {isa = PBXBuildFile; fileRef = 076713E82EA02433007040C0 /* snare_1.caf */; };
		076713FF2EA02433007040C0 /* hat_9.caf in Resources */ = {isa = PBXBuildFile; fileRef = 076713C72EA02433007040C0 /* hat_9.caf */; };
		076714002EA02433007040C0 /* hat_5.caf in Resources */ = {isa = PBXBuildFile; fileRef = 076713C32EA02433007040C0 /* hat_5.caf */; };
		076714012EA02433007040C0 /* kick_10.caf in Resources */ = {isa = PBXBuildFile; fileRef = 076713D72EA02433007040C0 /* kick_10.caf */; };
		076714022EA02433007040C0 /* snare_5.caf in Resources */ = {isa = PBXBuildFile; fileRef = 076713EC2EA02433007040C0 /* snare_5.caf */; };
		076714032EA02433007040C0 /* hat_11.caf in Resources */ = {isa = PBXBuildFile; fileRef = 076713C92EA02433007040C0 /* hat_11.caf */; };
		076714042EA02433007040C0 /* perc_9.caf in Resources */ = {isa = PBXBuildFile; fileRef = 076713E62EA02433007040C0 /* perc_9.caf */; };
		076714052EA02433007040C0 /* hat_7.caf in Resources */ = {isa = PBXBuildFile; fileRef = 076713C52EA02433007040C0 /* hat_7.caf */; };
		076714062EA02433007040C0 /* snare_12.caf in Resources */ = {isa = PBXBuildFile; fileRef = 076713F32EA02433007040C0 /* snare_12.caf */; };
		076714072EA02433007040C0 /* kick_1.caf in Resources */ = {isa = PBXBuildFile; fileRef = 076713CF2EA02433007040C0 /* kick_1.caf */; };
		076714082EA02433007040C0 /* hat_2.caf in Resources */ = {isa = PBXBuildFile; fileRef = 076713C02EA02433007040C0 /* hat_2.caf */; };
		076714092EA02433007040C0 /* hat_13.caf in Resources */ = {isa = PBXBuildFile; fileRef = 076713CB2EA02433007040C0 /* hat_13.caf */; };
		0767140A2EA02433007040C0 /* snare_10.caf in Resources */ = {isa = PBXBuildFile; fileRef = 076713F12EA02433007040C0 /* snare_10.caf */; };
		0767140B2EA02433007040C0 /* hat_14.caf in Resources */ = {isa = PBXBuildFile; fileRef = 076713CC2EA02433007040C0 /* hat_14.caf */; };
		0767140C2EA02433007040C0 /* hat_12.caf in Resources */ = {isa = PBXBuildFile; fileRef = 076713CA2EA02433007040C0 /* hat_12.caf */; };
		0767140D2EA02433007040C0 /* kick_8.caf in Resources */ = {isa = PBXBuildFile; fileRef = 076713D52EA02433007040C0 /* kick_8.caf */; };
		0767140E2EA02433007040C0 /* snare_6.caf in Resources */ = {isa = PBXBuildFile; fileRef = 076713ED2EA02433007040C0 /* snare_6.caf */; };
		0767140F2EA02433007040C0 /* snare_11.caf in Resources */ = {isa = PBXBuildFile; fileRef = 076713F22EA02433007040C0 /* snare_11.caf */; };
		076714102EA02433007040C0 /* snare_13.caf in Resources */ = {isa = PBXBuildFile; fileRef = 076713F42EA02433007040C0 /* snare_13.caf */; };
		076714112EA02433007040C0 /* hat_16.caf in Resources */ = {isa = PBXBuildFile; fileRef = 076713CE2EA02433007040C0 /* hat_16.caf */; };
		076714122EA02433007040C0 /* kick_2.caf in Resources */ = {isa = PBXBuildFile; fileRef = 076713D02EA02433007040C0 /* kick_2.caf */; };
		076714132EA02433007040C0 /* hat_10.caf in Resources */ = {isa = PBXBuildFile; fileRef = 076713C82EA02433007040C0 /* hat_10.caf */; };
		076714142EA02433007040C0 /* kick_15.caf in Resources */ = {isa = PBXBuildFile; fileRef = 076713DC2EA02433007040C0 /* kick_15.caf */; };
		076714152EA02433007040C0 /* kick_12.caf in Resources */ = {isa = PBXBuildFile; fileRef = 076713D92EA02433007040C0 /* kick_12.caf */; };
		076714162EA02433007040C0 /* kick_3.caf in Resources */ = {isa = PBXBuildFile; fileRef = 076713D12EA02433007040C0 /* kick_3.caf */; };
		076714172EA02433007040C0 /* snare_15.caf in Resources */ = {isa = PBXBuildFile; fileRef = 076713F62EA02433007040C0 /* snare_15.caf */; };
		076714182EA02433007040C0 /* snare_9.caf in Resources */ = {isa = PBXBuildFile; fileRef = 076713F02EA02433007040C0 /* snare_9.caf */; };
		076714192EA02433007040C0 /* perc_10.caf in Resources */ = {isa = PBXBuildFile; fileRef = 076713E72EA02433007040C0 /* perc_10.caf */; };
		0767141A2EA02433007040C0 /* snare_4.caf in Resources */ = {isa = PBXBuildFile; fileRef = 076713EB2EA02433007040C0 /* snare_4.caf */; };
		0767141B2EA02433007040C0 /* perc_5.caf in Resources */ = {isa = PBXBuildFile; fileRef = 076713E22EA02433007040C0 /* perc_5.caf */; };
		0767141C2EA02433007040C0 /* perc_1.caf in Resources */ = {isa = PBXBuildFile; fileRef = 076713DE2EA02433007040C0 /* perc_1.caf */; };
		0767141D2EA02433007040C0 /* kick_14.caf in Resources */ = {isa = PBXBuildFile; fileRef = 076713DB2EA02433007040C0 /* kick_14.caf */; };
		0767141E2EA02433007040C0 /* snare_2.caf in Resources */ = {isa = PBXBuildFile; fileRef = 076713E92EA02433007040C0 /* snare_2.caf */; };
		0767141F2EA02433007040C0 /* perc_2.caf in Resources */ = {isa = PBXBuildFile; fileRef = 076713DF2EA02433007040C0 /* perc_2.caf */; };
		076714202EA02433007040C0 /* kick_11.caf in Resources */ = {isa = PBXBuildFile; fileRef = 076713D82EA02433007040C0 /* kick_11.caf */; };
		076714212EA02433007040C0 /* snare_14.caf in Resources */ = {isa = PBXBuildFile; fileRef = 076713F52EA02433007040C0 /* snare_14.caf */; };
		076714222EA02433007040C0 /* kick_6.caf in Resources */ = {isa = PBXBuildFile; fileRef = 076713D32EA02433007040C0 /* kick_6.caf */; };
		076714232EA02433007040C0 /* kick_16.caf in Resources */ = {isa = PBXBuildFile; fileRef = 076713DD2EA02433007040C0 /* kick_16.caf */; };
		076714242EA02433007040C0 /* perc_4.caf in Resources */ = {isa = PBXBuildFile; fileRef = 076713E12EA02433007040C0 /* perc_4.caf */; };
		076714252EA02433007040C0 /* perc_7.caf in Resources */ = {isa = PBXBuildFile; fileRef = 076713E42EA02433007040C0 /* perc_7.caf */; };
		076714262EA02433007040C0 /* kick_7.caf in Resources */ = {isa = PBXBuildFile; fileRef = 076713D42EA02433007040C0 /* kick_7.caf */; };
		076714272EA02433007040C0 /* hat_8.caf in Resources */ = {isa = PBXBuildFile; fileRef = 076713C62EA02433007040C0 /* hat_8.caf */; };
		076714282EA02433007040C0 /* kick_4.caf in Resources */ = {isa = PBXBuildFile; fileRef = 076713D22EA02433007040C0 /* kick_4.caf */; };
		076714292EA02433007040C0 /* snare_7.caf in Resources */ = {isa = PBXBuildFile; fileRef = 076713EE2EA02433007040C0 /* snare_7.caf */; };
		0767142A2EA02433007040C0 /* hat_4.caf in Resources */ = {isa = PBXBuildFile; fileRef = 076713C22EA02433007040C0 /* hat_4.caf */; };
		0767142B2EA02433007040C0 /* perc_8.caf in Resources */ = {isa = PBXBuildFile; fileRef = 076713E52EA02433007040C0 /* perc_8.caf */; };
		0767142C2EA02433007040C0 /* snare_3.caf in Resources */ = {isa = PBXBuildFile; fileRef = 076713EA2EA02433007040C0 /* snare_3.caf */; };
		0767142D2EA02433007040C0 /* hat_3.caf in Resources */ = {isa = PBXBuildFile; fileRef = 076713C12EA02433007040C0 /* hat_3.caf */; };
		0767142E2EA02433007040C0 /* hat_1.caf in Resources */ = {isa = PBXBuildFile; fileRef = 076713BF2EA02433007040C0 /* hat_1.caf */; };
		0767142F2EA02433007040C0 /* hat_6.caf in Resources */ = {isa = PBXBuildFile; fileRef = 076713C42EA02433007040C0 /* hat_6.caf */; };
		076714302EA02433007040C0 /* hat_15.caf in Resources */ = {isa = PBXBuildFile; fileRef = 076713CD2EA02433007040C0 /* hat_15.caf */; };
		076714312EA02433007040C0 /* snare_16.caf in Resources */ = {isa = PBXBuildFile; fileRef = 076713F72EA02433007040C0 /* snare_16.caf */; };
		A1A1A1A12B000001 /* RositaApp.swift in Sources */ = {isa = PBXBuildFile; fileRef = A1A1A1A02B000001 /* RositaApp.swift */; };
		A1A1A1A22B000001 /* ContentView.swift in Sources */ = {isa = PBXBuildFile; fileRef = A1A1A1A02B000002 /* ContentView.swift */; };
		A1A1A1A32B000001 /* AudioEngine.swift in Sources */ = {isa = PBXBuildFile; fileRef = A1A1A1A02B000003 /* AudioEngine.swift */; };
		A1A1A1A42B000001 /* InstrumentSelectorView.swift in Sources */ = {isa = PBXBuildFile; fileRef = A1A1A1A02B000004 /* InstrumentSelectorView.swift */; };
		A1A1A1A52B000001 /* ArpeggiatorView.swift in Sources */ = {isa = PBXBuildFile; fileRef = A1A1A1A02B000005 /* ArpeggiatorView.swift */; };
		A1A1A1A62B000001 /* ADSRView.swift in Sources */ = {isa = PBXBuildFile; fileRef = A1A1A1A02B000006 /* ADSRView.swift */; };
		A1A1A1A72B000001 /* EffectsView.swift in Sources */ = {isa = PBXBuildFile; fileRef = A1A1A1A02B000007 /* EffectsView.swift */; };
		A1A1A1A82B000001 /* GridSequencerView.swift in Sources */ = {isa = PBXBuildFile; fileRef = A1A1A1A02B000008 /* GridSequencerView.swift */; };
		A1A1A1A92B000001 /* PianoKeyboardView.swift in Sources */ = {isa = PBXBuildFile; fileRef = A1A1A1A02B000009 /* PianoKeyboardView.swift */; };
		A1A1A1AA2B000001 /* TransportControlsView.swift in Sources */ = {isa = PBXBuildFile; fileRef = A1A1A1A02B00000A /* TransportControlsView.swift */; };
		A1A1A1AB2B000001 /* PatternSlotsView.swift in Sources */ = {isa = PBXBuildFile; fileRef = A1A1A1A02B00000B /* PatternSlotsView.swift */; };
		A1A1A1AC2B000001 /* CustomSlider.swift in Sources */ = {isa = PBXBuildFile; fileRef = A1A1A1A02B00000C /* CustomSlider.swift */; };
		A1A1A1AD2B000001 /* RetroButton.swift in Sources */ = {isa = PBXBuildFile; fileRef = A1A1A1A02B00000D /* RetroButton.swift */; };
		A1A1A1AE2B000001 /* HelpPanel.swift in Sources */ = {isa = PBXBuildFile; fileRef = A1A1A1A02B00000E /* HelpPanel.swift */; };
		A1A1A1AF2B000001 /* HelpPanelPopup.swift in Sources */ = {isa = PBXBuildFile; fileRef = A1A1A1A02B00000G /* HelpPanelPopup.swift */; };
		E54B502A731901D1BF2F875F /* OscilloscopeView.swift in Sources */ = {isa = PBXBuildFile; fileRef = A0028F1083D858AF74431CB3 /* OscilloscopeView.swift */; };
/* End PBXBuildFile section */

/* Begin PBXFileReference section */
		070B85822E19F5C2001931A4 /* RositaAUv3.appex */ = {isa = PBXFileReference; explicitFileType = "wrapper.app-extension"; includeInIndex = 0; path = RositaAUv3.appex; sourceTree = BUILT_PRODUCTS_DIR; };
		076713BF2EA02433007040C0 /* hat_1.caf */ = {isa = PBXFileReference; lastKnownFileType = file; path = hat_1.caf; sourceTree = "<group>"; };
		076713C02EA02433007040C0 /* hat_2.caf */ = {isa = PBXFileReference; lastKnownFileType = file; path = hat_2.caf; sourceTree = "<group>"; };
		076713C12EA02433007040C0 /* hat_3.caf */ = {isa = PBXFileReference; lastKnownFileType = file; path = hat_3.caf; sourceTree = "<group>"; };
		076713C22EA02433007040C0 /* hat_4.caf */ = {isa = PBXFileReference; lastKnownFileType = file; path = hat_4.caf; sourceTree = "<group>"; };
		076713C32EA02433007040C0 /* hat_5.caf */ = {isa = PBXFileReference; lastKnownFileType = file; path = hat_5.caf; sourceTree = "<group>"; };
		076713C42EA02433007040C0 /* hat_6.caf */ = {isa = PBXFileReference; lastKnownFileType = file; path = hat_6.caf; sourceTree = "<group>"; };
		076713C52EA02433007040C0 /* hat_7.caf */ = {isa = PBXFileReference; lastKnownFileType = file; path = hat_7.caf; sourceTree = "<group>"; };
		076713C62EA02433007040C0 /* hat_8.caf */ = {isa = PBXFileReference; lastKnownFileType = file; path = hat_8.caf; sourceTree = "<group>"; };
		076713C72EA02433007040C0 /* hat_9.caf */ = {isa = PBXFileReference; lastKnownFileType = file; path = hat_9.caf; sourceTree = "<group>"; };
		076713C82EA02433007040C0 /* hat_10.caf */ = {isa = PBXFileReference; lastKnownFileType = file; path = hat_10.caf; sourceTree = "<group>"; };
		076713C92EA02433007040C0 /* hat_11.caf */ = {isa = PBXFileReference; lastKnownFileType = file; path = hat_11.caf; sourceTree = "<group>"; };
		076713CA2EA02433007040C0 /* hat_12.caf */ = {isa = PBXFileReference; lastKnownFileType = file; path = hat_12.caf; sourceTree = "<group>"; };
		076713CB2EA02433007040C0 /* hat_13.caf */ = {isa = PBXFileReference; lastKnownFileType = file; path = hat_13.caf; sourceTree = "<group>"; };
		076713CC2EA02433007040C0 /* hat_14.caf */ = {isa = PBXFileReference; lastKnownFileType = file; path = hat_14.caf; sourceTree = "<group>"; };
		076713CD2EA02433007040C0 /* hat_15.caf */ = {isa = PBXFileReference; lastKnownFileType = file; path = hat_15.caf; sourceTree = "<group>"; };
		076713CE2EA02433007040C0 /* hat_16.caf */ = {isa = PBXFileReference; lastKnownFileType = file; path = hat_16.caf; sourceTree = "<group>"; };
		076713CF2EA02433007040C0 /* kick_1.caf */ = {isa = PBXFileReference; lastKnownFileType = file; path = kick_1.caf; sourceTree = "<group>"; };
		076713D02EA02433007040C0 /* kick_2.caf */ = {isa = PBXFileReference; lastKnownFileType = file; path = kick_2.caf; sourceTree = "<group>"; };
		076713D12EA02433007040C0 /* kick_3.caf */ = {isa = PBXFileReference; lastKnownFileType = file; path = kick_3.caf; sourceTree = "<group>"; };
		076713D22EA02433007040C0 /* kick_4.caf */ = {isa = PBXFileReference; lastKnownFileType = file; path = kick_4.caf; sourceTree = "<group>"; };
		076713D32EA02433007040C0 /* kick_6.caf */ = {isa = PBXFileReference; lastKnownFileType = file; path = kick_6.caf; sourceTree = "<group>"; };
		076713D42EA02433007040C0 /* kick_7.caf */ = {isa = PBXFileReference; lastKnownFileType = file; path = kick_7.caf; sourceTree = "<group>"; };
		076713D52EA02433007040C0 /* kick_8.caf */ = {isa = PBXFileReference; lastKnownFileType = file; path = kick_8.caf; sourceTree = "<group>"; };
		076713D62EA02433007040C0 /* kick_9.caf */ = {isa = PBXFileReference; lastKnownFileType = file; path = kick_9.caf; sourceTree = "<group>"; };
		076713D72EA02433007040C0 /* kick_10.caf */ = {isa = PBXFileReference; lastKnownFileType = file; path = kick_10.caf; sourceTree = "<group>"; };
		076713D82EA02433007040C0 /* kick_11.caf */ = {isa = PBXFileReference; lastKnownFileType = file; path = kick_11.caf; sourceTree = "<group>"; };
		076713D92EA02433007040C0 /* kick_12.caf */ = {isa = PBXFileReference; lastKnownFileType = file; path = kick_12.caf; sourceTree = "<group>"; };
		076713DA2EA02433007040C0 /* kick_13.caf */ = {isa = PBXFileReference; lastKnownFileType = file; path = kick_13.caf; sourceTree = "<group>"; };
		076713DB2EA02433007040C0 /* kick_14.caf */ = {isa = PBXFileReference; lastKnownFileType = file; path = kick_14.caf; sourceTree = "<group>"; };
		076713DC2EA02433007040C0 /* kick_15.caf */ = {isa = PBXFileReference; lastKnownFileType = file; path = kick_15.caf; sourceTree = "<group>"; };
		076713DD2EA02433007040C0 /* kick_16.caf */ = {isa = PBXFileReference; lastKnownFileType = file; path = kick_16.caf; sourceTree = "<group>"; };
		076713DE2EA02433007040C0 /* perc_1.caf */ = {isa = PBXFileReference; lastKnownFileType = file; path = perc_1.caf; sourceTree = "<group>"; };
		076713DF2EA02433007040C0 /* perc_2.caf */ = {isa = PBXFileReference; lastKnownFileType = file; path = perc_2.caf; sourceTree = "<group>"; };
		076713E02EA02433007040C0 /* perc_3.caf */ = {isa = PBXFileReference; lastKnownFileType = file; path = perc_3.caf; sourceTree = "<group>"; };
		076713E12EA02433007040C0 /* perc_4.caf */ = {isa = PBXFileReference; lastKnownFileType = file; path = perc_4.caf; sourceTree = "<group>"; };
		076713E22EA02433007040C0 /* perc_5.caf */ = {isa = PBXFileReference; lastKnownFileType = file; path = perc_5.caf; sourceTree = "<group>"; };
		076713E32EA02433007040C0 /* perc_6.caf */ = {isa = PBXFileReference; lastKnownFileType = file; path = perc_6.caf; sourceTree = "<group>"; };
		076713E42EA02433007040C0 /* perc_7.caf */ = {isa = PBXFileReference; lastKnownFileType = file; path = perc_7.caf; sourceTree = "<group>"; };
		076713E52EA02433007040C0 /* perc_8.caf */ = {isa = PBXFileReference; lastKnownFileType = file; path = perc_8.caf; sourceTree = "<group>"; };
		076713E62EA02433007040C0 /* perc_9.caf */ = {isa = PBXFileReference; lastKnownFileType = file; path = perc_9.caf; sourceTree = "<group>"; };
		076713E72EA02433007040C0 /* perc_10.caf */ = {isa = PBXFileReference; lastKnownFileType = file; path = perc_10.caf; sourceTree = "<group>"; };
		076713E82EA02433007040C0 /* snare_1.caf */ = {isa = PBXFileReference; lastKnownFileType = file; path = snare_1.caf; sourceTree = "<group>"; };
		076713E92EA02433007040C0 /* snare_2.caf */ = {isa = PBXFileReference; lastKnownFileType = file; path = snare_2.caf; sourceTree = "<group>"; };
		076713EA2EA02433007040C0 /* snare_3.caf */ = {isa = PBXFileReference; lastKnownFileType = file; path = snare_3.caf; sourceTree = "<group>"; };
		076713EB2EA02433007040C0 /* snare_4.caf */ = {isa = PBXFileReference; lastKnownFileType = file; path = snare_4.caf; sourceTree = "<group>"; };
		076713EC2EA02433007040C0 /* snare_5.caf */ = {isa = PBXFileReference; lastKnownFileType = file; path = snare_5.caf; sourceTree = "<group>"; };
		076713ED2EA02433007040C0 /* snare_6.caf */ = {isa = PBXFileReference; lastKnownFileType = file; path = snare_6.caf; sourceTree = "<group>"; };
		076713EE2EA02433007040C0 /* snare_7.caf */ = {isa = PBXFileReference; lastKnownFileType = file; path = snare_7.caf; sourceTree = "<group>"; };
		076713EF2EA02433007040C0 /* snare_8.caf */ = {isa = PBXFileReference; lastKnownFileType = file; path = snare_8.caf; sourceTree = "<group>"; };
		076713F02EA02433007040C0 /* snare_9.caf */ = {isa = PBXFileReference; lastKnownFileType = file; path = snare_9.caf; sourceTree = "<group>"; };
		076713F12EA02433007040C0 /* snare_10.caf */ = {isa = PBXFileReference; lastKnownFileType = file; path = snare_10.caf; sourceTree = "<group>"; };
		076713F22EA02433007040C0 /* snare_11.caf */ = {isa = PBXFileReference; lastKnownFileType = file; path = snare_11.caf; sourceTree = "<group>"; };
		076713F32EA02433007040C0 /* snare_12.caf */ = {isa = PBXFileReference; lastKnownFileType = file; path = snare_12.caf; sourceTree = "<group>"; };
		076713F42EA02433007040C0 /* snare_13.caf */ = {isa = PBXFileReference; lastKnownFileType = file; path = snare_13.caf; sourceTree = "<group>"; };
		076713F52EA02433007040C0 /* snare_14.caf */ = {isa = PBXFileReference; lastKnownFileType = file; path = snare_14.caf; sourceTree = "<group>"; };
		076713F62EA02433007040C0 /* snare_15.caf */ = {isa = PBXFileReference; lastKnownFileType = file; path = snare_15.caf; sourceTree = "<group>"; };
		076713F72EA02433007040C0 /* snare_16.caf */ = {isa = PBXFileReference; lastKnownFileType = file; path = snare_16.caf; sourceTree = "<group>"; };
		A0028F1083D858AF74431CB3 /* OscilloscopeView.swift */ = {isa = PBXFileReference; includeInIndex = 1; lastKnownFileType = sourcecode.swift; path = OscilloscopeView.swift; sourceTree = "<group>"; };
		A1A1A1002B000001 /* Rosita.app */ = {isa = PBXFileReference; explicitFileType = wrapper.application; includeInIndex = 0; path = Rosita.app; sourceTree = BUILT_PRODUCTS_DIR; };
		A1A1A1A02B000001 /* RositaApp.swift */ = {isa = PBXFileReference; lastKnownFileType = sourcecode.swift; path = RositaApp.swift; sourceTree = "<group>"; };
		A1A1A1A02B000002 /* ContentView.swift */ = {isa = PBXFileReference; lastKnownFileType = sourcecode.swift; path = ContentView.swift; sourceTree = "<group>"; };
		A1A1A1A02B000003 /* AudioEngine.swift */ = {isa = PBXFileReference; lastKnownFileType = sourcecode.swift; path = AudioEngine.swift; sourceTree = "<group>"; };
		A1A1A1A02B000004 /* InstrumentSelectorView.swift */ = {isa = PBXFileReference; lastKnownFileType = sourcecode.swift; path = InstrumentSelectorView.swift; sourceTree = "<group>"; };
		A1A1A1A02B000005 /* ArpeggiatorView.swift */ = {isa = PBXFileReference; lastKnownFileType = sourcecode.swift; path = ArpeggiatorView.swift; sourceTree = "<group>"; };
		A1A1A1A02B000006 /* ADSRView.swift */ = {isa = PBXFileReference; lastKnownFileType = sourcecode.swift; path = ADSRView.swift; sourceTree = "<group>"; };
		A1A1A1A02B000007 /* EffectsView.swift */ = {isa = PBXFileReference; lastKnownFileType = sourcecode.swift; path = EffectsView.swift; sourceTree = "<group>"; };
		A1A1A1A02B000008 /* GridSequencerView.swift */ = {isa = PBXFileReference; lastKnownFileType = sourcecode.swift; path = GridSequencerView.swift; sourceTree = "<group>"; };
		A1A1A1A02B000009 /* PianoKeyboardView.swift */ = {isa = PBXFileReference; lastKnownFileType = sourcecode.swift; path = PianoKeyboardView.swift; sourceTree = "<group>"; };
		A1A1A1A02B00000A /* TransportControlsView.swift */ = {isa = PBXFileReference; lastKnownFileType = sourcecode.swift; path = TransportControlsView.swift; sourceTree = "<group>"; };
		A1A1A1A02B00000B /* PatternSlotsView.swift */ = {isa = PBXFileReference; lastKnownFileType = sourcecode.swift; path = PatternSlotsView.swift; sourceTree = "<group>"; };
		A1A1A1A02B00000C /* CustomSlider.swift */ = {isa = PBXFileReference; lastKnownFileType = sourcecode.swift; path = CustomSlider.swift; sourceTree = "<group>"; };
		A1A1A1A02B00000D /* RetroButton.swift */ = {isa = PBXFileReference; lastKnownFileType = sourcecode.swift; path = RetroButton.swift; sourceTree = "<group>"; };
		A1A1A1A02B00000E /* HelpPanel.swift */ = {isa = PBXFileReference; lastKnownFileType = sourcecode.swift; path = HelpPanel.swift; sourceTree = "<group>"; };
		A1A1A1A02B00000F /* Info.plist */ = {isa = PBXFileReference; lastKnownFileType = text.plist.xml; path = Info.plist; sourceTree = "<group>"; };
		A1A1A1A02B00000G /* HelpPanelPopup.swift */ = {isa = PBXFileReference; lastKnownFileType = sourcecode.swift; path = HelpPanelPopup.swift; sourceTree = "<group>"; };
/* End PBXFileReference section */

/* Begin PBXFileSystemSynchronizedBuildFileExceptionSet section */
		070B85AF2E19F5C2001931A4 /* PBXFileSystemSynchronizedBuildFileExceptionSet */ = {
			isa = PBXFileSystemSynchronizedBuildFileExceptionSet;
			membershipExceptions = (
				Info.plist,
			);
			target = 070B85812E19F5C2001931A4 /* RositaAUv3 */;
		};
/* End PBXFileSystemSynchronizedBuildFileExceptionSet section */

/* Begin PBXFileSystemSynchronizedRootGroup section */
		070B85832E19F5C2001931A4 /* RositaAUv3 */ = {isa = PBXFileSystemSynchronizedRootGroup; exceptions = (070B85AF2E19F5C2001931A4 /* PBXFileSystemSynchronizedBuildFileExceptionSet */, ); explicitFileTypes = {}; explicitFolders = (); path = RositaAUv3; sourceTree = "<group>"; };
/* End PBXFileSystemSynchronizedRootGroup section */

/* Begin PBXFrameworksBuildPhase section */
		070B857F2E19F5C2001931A4 /* Frameworks */ = {
			isa = PBXFrameworksBuildPhase;
			buildActionMask = 2147483647;
			files = (
			);
			runOnlyForDeploymentPostprocessing = 0;
		};
/* End PBXFrameworksBuildPhase section */

/* Begin PBXGroup section */
		076713F82EA02433007040C0 /* DrumSamples */ = {
			isa = PBXGroup;
			children = (
				076713BF2EA02433007040C0 /* hat_1.caf */,
				076713C02EA02433007040C0 /* hat_2.caf */,
				076713C12EA02433007040C0 /* hat_3.caf */,
				076713C22EA02433007040C0 /* hat_4.caf */,
				076713C32EA02433007040C0 /* hat_5.caf */,
				076713C42EA02433007040C0 /* hat_6.caf */,
				076713C52EA02433007040C0 /* hat_7.caf */,
				076713C62EA02433007040C0 /* hat_8.caf */,
				076713C72EA02433007040C0 /* hat_9.caf */,
				076713C82EA02433007040C0 /* hat_10.caf */,
				076713C92EA02433007040C0 /* hat_11.caf */,
				076713CA2EA02433007040C0 /* hat_12.caf */,
				076713CB2EA02433007040C0 /* hat_13.caf */,
				076713CC2EA02433007040C0 /* hat_14.caf */,
				076713CD2EA02433007040C0 /* hat_15.caf */,
				076713CE2EA02433007040C0 /* hat_16.caf */,
				076713CF2EA02433007040C0 /* kick_1.caf */,
				076713D02EA02433007040C0 /* kick_2.caf */,
				076713D12EA02433007040C0 /* kick_3.caf */,
				076713D22EA02433007040C0 /* kick_4.caf */,
				076713D32EA02433007040C0 /* kick_6.caf */,
				076713D42EA02433007040C0 /* kick_7.caf */,
				076713D52EA02433007040C0 /* kick_8.caf */,
				076713D62EA02433007040C0 /* kick_9.caf */,
				076713D72EA02433007040C0 /* kick_10.caf */,
				076713D82EA02433007040C0 /* kick_11.caf */,
				076713D92EA02433007040C0 /* kick_12.caf */,
				076713DA2EA02433007040C0 /* kick_13.caf */,
				076713DB2EA02433007040C0 /* kick_14.caf */,
				076713DC2EA02433007040C0 /* kick_15.caf */,
				076713DD2EA02433007040C0 /* kick_16.caf */,
				076713DE2EA02433007040C0 /* perc_1.caf */,
				076713DF2EA02433007040C0 /* perc_2.caf */,
				076713E02EA02433007040C0 /* perc_3.caf */,
				076713E12EA02433007040C0 /* perc_4.caf */,
				076713E22EA02433007040C0 /* perc_5.caf */,
				076713E32EA02433007040C0 /* perc_6.caf */,
				076713E42EA02433007040C0 /* perc_7.caf */,
				076713E52EA02433007040C0 /* perc_8.caf */,
				076713E62EA02433007040C0 /* perc_9.caf */,
				076713E72EA02433007040C0 /* perc_10.caf */,
				076713E82EA02433007040C0 /* snare_1.caf */,
				076713E92EA02433007040C0 /* snare_2.caf */,
				076713EA2EA02433007040C0 /* snare_3.caf */,
				076713EB2EA02433007040C0 /* snare_4.caf */,
				076713EC2EA02433007040C0 /* snare_5.caf */,
				076713ED2EA02433007040C0 /* snare_6.caf */,
				076713EE2EA02433007040C0 /* snare_7.caf */,
				076713EF2EA02433007040C0 /* snare_8.caf */,
				076713F02EA02433007040C0 /* snare_9.caf */,
				076713F12EA02433007040C0 /* snare_10.caf */,
				076713F22EA02433007040C0 /* snare_11.caf */,
				076713F32EA02433007040C0 /* snare_12.caf */,
				076713F42EA02433007040C0 /* snare_13.caf */,
				076713F52EA02433007040C0 /* snare_14.caf */,
				076713F62EA02433007040C0 /* snare_15.caf */,
				076713F72EA02433007040C0 /* snare_16.caf */,
			);
			path = DrumSamples;
			sourceTree = "<group>";
		};
		A1A1A0F82B000001 = {
			isa = PBXGroup;
			children = (
				A1A1A1032B000001 /* Rosita */,
				070B85832E19F5C2001931A4 /* RositaAUv3 */,
				A1A1A1022B000001 /* Products */,
			);
			sourceTree = "<group>";
		};
		A1A1A1022B000001 /* Products */ = {
			isa = PBXGroup;
			children = (
				A1A1A1002B000001 /* Rosita.app */,
				070B85822E19F5C2001931A4 /* RositaAUv3.appex */,
			);
			name = Products;
			sourceTree = "<group>";
		};
		A1A1A1032B000001 /* Rosita */ = {
			isa = PBXGroup;
			children = (
				A1A1A1A02B000001 /* RositaApp.swift */,
				A1A1A1A02B000002 /* ContentView.swift */,
				A1A1A1A02B000003 /* AudioEngine.swift */,
				076713F82EA02433007040C0 /* DrumSamples */,
				A1A1A1A02B000004 /* InstrumentSelectorView.swift */,
				A1A1A1A02B000005 /* ArpeggiatorView.swift */,
				A1A1A1A02B000006 /* ADSRView.swift */,
				A1A1A1A02B000007 /* EffectsView.swift */,
				A1A1A1A02B000008 /* GridSequencerView.swift */,
				A1A1A1A02B000009 /* PianoKeyboardView.swift */,
				A1A1A1A02B00000A /* TransportControlsView.swift */,
				A1A1A1A02B00000B /* PatternSlotsView.swift */,
				A1A1A1A02B00000C /* CustomSlider.swift */,
				A1A1A1A02B00000D /* RetroButton.swift */,
				A1A1A1A02B00000E /* HelpPanel.swift */,
				A1A1A1A02B00000G /* HelpPanelPopup.swift */,
				A1A1A1A02B00000F /* Info.plist */,
				A0028F1083D858AF74431CB3 /* OscilloscopeView.swift */,
			);
			path = Rosita;
			sourceTree = "<group>";
		};
/* End PBXGroup section */

/* Begin PBXNativeTarget section */
		070B85812E19F5C2001931A4 /* RositaAUv3 */ = {
			isa = PBXNativeTarget;
			buildConfigurationList = 070B85B02E19F5C2001931A4 /* Build configuration list for PBXNativeTarget "RositaAUv3" */;
			buildPhases = (
				070B857E2E19F5C2001931A4 /* Sources */,
				070B857F2E19F5C2001931A4 /* Frameworks */,
				070B85802E19F5C2001931A4 /* Resources */,
			);
			buildRules = (
			);
			dependencies = (
			);
			fileSystemSynchronizedGroups = (
				070B85832E19F5C2001931A4 /* RositaAUv3 */,
			);
			name = RositaAUv3;
			productName = RositaAUv3;
			productReference = 070B85822E19F5C2001931A4 /* RositaAUv3.appex */;
			productType = "com.apple.product-type.app-extension";
		};
		A1A1A0FF2B000001 /* Rosita */ = {
			isa = PBXNativeTarget;
			buildConfigurationList = A1A1A1142B000002 /* Build configuration list for PBXNativeTarget "Rosita" */;
			buildPhases = (
				A1A1A0FC2B000001 /* Sources */,
				A1A1A0FE2B000001 /* Resources */,
			);
			buildRules = (
			);
			dependencies = (
			);
			name = Rosita;
			productName = Rosita;
			productReference = A1A1A1002B000001 /* Rosita.app */;
			productType = "com.apple.product-type.application";
		};
/* End PBXNativeTarget section */

/* Begin PBXProject section */
		A1A1A0F92B000001 /* Project object */ = {
			isa = PBXProject;
			attributes = {
				BuildIndependentTargetsInParallel = 1;
				LastSwiftUpdateCheck = 1640;
				LastUpgradeCheck = 1640;
				TargetAttributes = {
					070B85812E19F5C2001931A4 = {
						CreatedOnToolsVersion = 16.4;
					};
					A1A1A0FF2B000001 = {
						CreatedOnToolsVersion = 15.0;
					};
				};
			};
			buildConfigurationList = A1A1A0FA2B000001 /* Build configuration list for PBXProject "Rosita" */;
			compatibilityVersion = "Xcode 14.0";
			developmentRegion = en;
			hasScannedForEncodings = 0;
			knownRegions = (
				en,
				Base,
			);
			mainGroup = A1A1A0F82B000001;
			productRefGroup = A1A1A1022B000001 /* Products */;
			projectDirPath = "";
			projectRoot = "";
			targets = (
				A1A1A0FF2B000001 /* Rosita */,
				070B85812E19F5C2001931A4 /* RositaAUv3 */,
			);
		};
/* End PBXProject section */

/* Begin PBXResourcesBuildPhase section */
		070B85802E19F5C2001931A4 /* Resources */ = {
			isa = PBXResourcesBuildPhase;
			buildActionMask = 2147483647;
			files = (
			);
			runOnlyForDeploymentPostprocessing = 0;
		};
		A1A1A0FE2B000001 /* Resources */ = {
			isa = PBXResourcesBuildPhase;
			buildActionMask = 2147483647;
			files = (
				076713F92EA02433007040C0 /* kick_9.caf in Resources */,
				076713FA2EA02433007040C0 /* perc_6.caf in Resources */,
				076713FB2EA02433007040C0 /* perc_3.caf in Resources */,
				076713FC2EA02433007040C0 /* snare_8.caf in Resources */,
				076713FD2EA02433007040C0 /* kick_13.caf in Resources */,
				076713FE2EA02433007040C0 /* snare_1.caf in Resources */,
				076713FF2EA02433007040C0 /* hat_9.caf in Resources */,
				076714002EA02433007040C0 /* hat_5.caf in Resources */,
				076714012EA02433007040C0 /* kick_10.caf in Resources */,
				076714022EA02433007040C0 /* snare_5.caf in Resources */,
				076714032EA02433007040C0 /* hat_11.caf in Resources */,
				076714042EA02433007040C0 /* perc_9.caf in Resources */,
				076714052EA02433007040C0 /* hat_7.caf in Resources */,
				076714062EA02433007040C0 /* snare_12.caf in Resources */,
				076714072EA02433007040C0 /* kick_1.caf in Resources */,
				076714082EA02433007040C0 /* hat_2.caf in Resources */,
				076714092EA02433007040C0 /* hat_13.caf in Resources */,
				0767140A2EA02433007040C0 /* snare_10.caf in Resources */,
				0767140B2EA02433007040C0 /* hat_14.caf in Resources */,
				0767140C2EA02433007040C0 /* hat_12.caf in Resources */,
				0767140D2EA02433007040C0 /* kick_8.caf in Resources */,
				0767140E2EA02433007040C0 /* snare_6.caf in Resources */,
				0767140F2EA02433007040C0 /* snare_11.caf in Resources */,
				076714102EA02433007040C0 /* snare_13.caf in Resources */,
				076714112EA02433007040C0 /* hat_16.caf in Resources */,
				076714122EA02433007040C0 /* kick_2.caf in Resources */,
				076714132EA02433007040C0 /* hat_10.caf in Resources */,
				076714142EA02433007040C0 /* kick_15.caf in Resources */,
				076714152EA02433007040C0 /* kick_12.caf in Resources */,
				076714162EA02433007040C0 /* kick_3.caf in Resources */,
				076714172EA02433007040C0 /* snare_15.caf in Resources */,
				076714182EA02433007040C0 /* snare_9.caf in Resources */,
				076714192EA02433007040C0 /* perc_10.caf in Resources */,
				0767141A2EA02433007040C0 /* snare_4.caf in Resources */,
				0767141B2EA02433007040C0 /* perc_5.caf in Resources */,
				0767141C2EA02433007040C0 /* perc_1.caf in Resources */,
				0767141D2EA02433007040C0 /* kick_14.caf in Resources */,
				0767141E2EA02433007040C0 /* snare_2.caf in Resources */,
				0767141F2EA02433007040C0 /* perc_2.caf in Resources */,
				076714202EA02433007040C0 /* kick_11.caf in Resources */,
				076714212EA02433007040C0 /* snare_14.caf in Resources */,
				076714222EA02433007040C0 /* kick_6.caf in Resources */,
				076714232EA02433007040C0 /* kick_16.caf in Resources */,
				076714242EA02433007040C0 /* perc_4.caf in Resources */,
				076714252EA02433007040C0 /* perc_7.caf in Resources */,
				076714262EA02433007040C0 /* kick_7.caf in Resources */,
				076714272EA02433007040C0 /* hat_8.caf in Resources */,
				076714282EA02433007040C0 /* kick_4.caf in Resources */,
				076714292EA02433007040C0 /* snare_7.caf in Resources */,
				0767142A2EA02433007040C0 /* hat_4.caf in Resources */,
				0767142B2EA02433007040C0 /* perc_8.caf in Resources */,
				0767142C2EA02433007040C0 /* snare_3.caf in Resources */,
				0767142D2EA02433007040C0 /* hat_3.caf in Resources */,
				0767142E2EA02433007040C0 /* hat_1.caf in Resources */,
				0767142F2EA02433007040C0 /* hat_6.caf in Resources */,
				076714302EA02433007040C0 /* hat_15.caf in Resources */,
				076714312EA02433007040C0 /* snare_16.caf in Resources */,
			);
			runOnlyForDeploymentPostprocessing = 0;
		};
/* End PBXResourcesBuildPhase section */

/* Begin PBXSourcesBuildPhase section */
		070B857E2E19F5C2001931A4 /* Sources */ = {
			isa = PBXSourcesBuildPhase;
			buildActionMask = 2147483647;
			files = (
			);
			runOnlyForDeploymentPostprocessing = 0;
		};
		A1A1A0FC2B000001 /* Sources */ = {
			isa = PBXSourcesBuildPhase;
			buildActionMask = 2147483647;
			files = (
				A1A1A1A12B000001 /* RositaApp.swift in Sources */,
				A1A1A1A22B000001 /* ContentView.swift in Sources */,
				A1A1A1A32B000001 /* AudioEngine.swift in Sources */,
				A1A1A1A42B000001 /* InstrumentSelectorView.swift in Sources */,
				A1A1A1A52B000001 /* ArpeggiatorView.swift in Sources */,
				A1A1A1A62B000001 /* ADSRView.swift in Sources */,
				A1A1A1A72B000001 /* EffectsView.swift in Sources */,
				A1A1A1A82B000001 /* GridSequencerView.swift in Sources */,
				A1A1A1A92B000001 /* PianoKeyboardView.swift in Sources */,
				A1A1A1AA2B000001 /* TransportControlsView.swift in Sources */,
				A1A1A1AB2B000001 /* PatternSlotsView.swift in Sources */,
				A1A1A1AC2B000001 /* CustomSlider.swift in Sources */,
				A1A1A1AD2B000001 /* RetroButton.swift in Sources */,
				A1A1A1AE2B000001 /* HelpPanel.swift in Sources */,
				A1A1A1AF2B000001 /* HelpPanelPopup.swift in Sources */,
				E54B502A731901D1BF2F875F /* OscilloscopeView.swift in Sources */,
			);
			runOnlyForDeploymentPostprocessing = 0;
		};
/* End PBXSourcesBuildPhase section */

/* Begin XCBuildConfiguration section */
		070B85AD2E19F5C2001931A4 /* Debug */ = {
			isa = XCBuildConfiguration;
			buildSettings = {
				CLANG_CXX_LANGUAGE_STANDARD = "c++20";
				CLANG_CXX_LIBRARY = "libc++";
				CODE_SIGN_STYLE = Automatic;
				CURRENT_PROJECT_VERSION = 1;
				DEAD_CODE_STRIPPING = YES;
				ENABLE_APP_SANDBOX = YES;
				ENABLE_HARDENED_RUNTIME = YES;
				ENABLE_USER_SELECTED_FILES = readonly;
				GENERATE_INFOPLIST_FILE = YES;
				INFOPLIST_FILE = RositaAUv3/Info.plist;
				INFOPLIST_KEY_CFBundleDisplayName = RositaAUv3;
				INFOPLIST_KEY_NSHumanReadableCopyright = "";
				IPHONEOS_DEPLOYMENT_TARGET = 18.5;
				LD_RUNPATH_SEARCH_PATHS = (
					"$(inherited)",
					"@executable_path/Frameworks",
					"@executable_path/../../Frameworks",
				);
				"LD_RUNPATH_SEARCH_PATHS[sdk=macosx*]" = (
					"$(inherited)",
					"@executable_path/../Frameworks",
					"@executable_path/../../../../Frameworks",
				);
				MACOSX_DEPLOYMENT_TARGET = 14.0;
				MARKETING_VERSION = 1.0;
				PRODUCT_BUNDLE_IDENTIFIER = com.jadewii.rosita.AU3Extension;
				PRODUCT_NAME = "$(TARGET_NAME)";
				SDKROOT = auto;
				SKIP_INSTALL = YES;
				SUPPORTED_PLATFORMS = "iphoneos iphonesimulator macosx xros xrsimulator";
				SWIFT_EMIT_LOC_STRINGS = YES;
				SWIFT_OBJC_BRIDGING_HEADER = "RositaAUv3/Common/RositaAUv3-Bridging-Header.h";
				SWIFT_OBJC_INTEROP_MODE = objcxx;
				SWIFT_VERSION = 5.0;
				TARGETED_DEVICE_FAMILY = "1,2,7";
				XROS_DEPLOYMENT_TARGET = 2.5;
			};
			name = Debug;
		};
		070B85AE2E19F5C2001931A4 /* Release */ = {
			isa = XCBuildConfiguration;
			buildSettings = {
				CLANG_CXX_LANGUAGE_STANDARD = "c++20";
				CLANG_CXX_LIBRARY = "libc++";
				CODE_SIGN_STYLE = Automatic;
				CURRENT_PROJECT_VERSION = 1;
				DEAD_CODE_STRIPPING = YES;
				ENABLE_APP_SANDBOX = YES;
				ENABLE_HARDENED_RUNTIME = YES;
				ENABLE_USER_SELECTED_FILES = readonly;
				GENERATE_INFOPLIST_FILE = YES;
				INFOPLIST_FILE = RositaAUv3/Info.plist;
				INFOPLIST_KEY_CFBundleDisplayName = RositaAUv3;
				INFOPLIST_KEY_NSHumanReadableCopyright = "";
				IPHONEOS_DEPLOYMENT_TARGET = 18.5;
				LD_RUNPATH_SEARCH_PATHS = (
					"$(inherited)",
					"@executable_path/Frameworks",
					"@executable_path/../../Frameworks",
				);
				"LD_RUNPATH_SEARCH_PATHS[sdk=macosx*]" = (
					"$(inherited)",
					"@executable_path/../Frameworks",
					"@executable_path/../../../../Frameworks",
				);
				MACOSX_DEPLOYMENT_TARGET = 14.0;
				MARKETING_VERSION = 1.0;
				PRODUCT_BUNDLE_IDENTIFIER = com.jadewii.rosita.AU3Extension;
				PRODUCT_NAME = "$(TARGET_NAME)";
				SDKROOT = auto;
				SKIP_INSTALL = YES;
				SUPPORTED_PLATFORMS = "iphoneos iphonesimulator macosx xros xrsimulator";
				SWIFT_EMIT_LOC_STRINGS = YES;
				SWIFT_OBJC_BRIDGING_HEADER = "RositaAUv3/Common/RositaAUv3-Bridging-Header.h";
				SWIFT_OBJC_INTEROP_MODE = objcxx;
				SWIFT_VERSION = 5.0;
				TARGETED_DEVICE_FAMILY = "1,2,7";
				XROS_DEPLOYMENT_TARGET = 2.5;
			};
			name = Release;
		};
		A1A1A1122B000002 /* Debug */ = {
			isa = XCBuildConfiguration;
			buildSettings = {
				ALWAYS_SEARCH_USER_PATHS = NO;
				ASSETCATALOG_COMPILER_GENERATE_SWIFT_ASSET_SYMBOL_EXTENSIONS = YES;
				CLANG_ANALYZER_NONNULL = YES;
				CLANG_ANALYZER_NUMBER_OBJECT_CONVERSION = YES_AGGRESSIVE;
				CLANG_CXX_LANGUAGE_STANDARD = "gnu++20";
				CLANG_ENABLE_MODULES = YES;
				CLANG_ENABLE_OBJC_ARC = YES;
				CLANG_ENABLE_OBJC_WEAK = YES;
				CLANG_WARN_BLOCK_CAPTURE_AUTORELEASING = YES;
				CLANG_WARN_BOOL_CONVERSION = YES;
				CLANG_WARN_COMMA = YES;
				CLANG_WARN_CONSTANT_CONVERSION = YES;
				CLANG_WARN_DEPRECATED_OBJC_IMPLEMENTATIONS = YES;
				CLANG_WARN_DIRECT_OBJC_ISA_USAGE = YES_ERROR;
				CLANG_WARN_DOCUMENTATION_COMMENTS = YES;
				CLANG_WARN_EMPTY_BODY = YES;
				CLANG_WARN_ENUM_CONVERSION = YES;
				CLANG_WARN_INFINITE_RECURSION = YES;
				CLANG_WARN_INT_CONVERSION = YES;
				CLANG_WARN_NON_LITERAL_NULL_CONVERSION = YES;
				CLANG_WARN_OBJC_IMPLICIT_RETAIN_SELF = YES;
				CLANG_WARN_OBJC_LITERAL_CONVERSION = YES;
				CLANG_WARN_OBJC_ROOT_CLASS = YES_ERROR;
				CLANG_WARN_QUOTED_INCLUDE_IN_FRAMEWORK_HEADER = YES;
				CLANG_WARN_RANGE_LOOP_ANALYSIS = YES;
				CLANG_WARN_STRICT_PROTOTYPES = YES;
				CLANG_WARN_SUSPICIOUS_MOVE = YES;
				CLANG_WARN_UNGUARDED_AVAILABILITY = YES_AGGRESSIVE;
				CLANG_WARN_UNREACHABLE_CODE = YES;
				CLANG_WARN__DUPLICATE_METHOD_MATCH = YES;
				COPY_PHASE_STRIP = NO;
				DEBUG_INFORMATION_FORMAT = dwarf;
				DEVELOPMENT_TEAM = BV35B44US2;
				ENABLE_STRICT_OBJC_MSGSEND = YES;
				ENABLE_TESTABILITY = YES;
				ENABLE_USER_SCRIPT_SANDBOXING = YES;
				GCC_C_LANGUAGE_STANDARD = gnu17;
				GCC_DYNAMIC_NO_PIC = NO;
				GCC_NO_COMMON_BLOCKS = YES;
				GCC_OPTIMIZATION_LEVEL = 0;
				GCC_PREPROCESSOR_DEFINITIONS = (
					"DEBUG=1",
					"$(inherited)",
				);
				GCC_WARN_64_TO_32_BIT_CONVERSION = YES;
				GCC_WARN_ABOUT_RETURN_TYPE = YES_ERROR;
				GCC_WARN_UNDECLARED_SELECTOR = YES;
				GCC_WARN_UNINITIALIZED_AUTOS = YES_AGGRESSIVE;
				GCC_WARN_UNUSED_FUNCTION = YES;
				GCC_WARN_UNUSED_VARIABLE = YES;
				IPHONEOS_DEPLOYMENT_TARGET = 16.0;
				LOCALIZATION_PREFERS_STRING_CATALOGS = YES;
				MTL_ENABLE_DEBUG_INFO = INCLUDE_SOURCE;
				MTL_FAST_MATH = YES;
				ONLY_ACTIVE_ARCH = YES;
				SDKROOT = iphoneos;
				SWIFT_ACTIVE_COMPILATION_CONDITIONS = "DEBUG $(inherited)";
				SWIFT_OPTIMIZATION_LEVEL = "-Onone";
			};
			name = Debug;
		};
		A1A1A1132B000002 /* Release */ = {
			isa = XCBuildConfiguration;
			buildSettings = {
				ALWAYS_SEARCH_USER_PATHS = NO;
				ASSETCATALOG_COMPILER_GENERATE_SWIFT_ASSET_SYMBOL_EXTENSIONS = YES;
				CLANG_ANALYZER_NONNULL = YES;
				CLANG_ANALYZER_NUMBER_OBJECT_CONVERSION = YES_AGGRESSIVE;
				CLANG_CXX_LANGUAGE_STANDARD = "gnu++20";
				CLANG_ENABLE_MODULES = YES;
				CLANG_ENABLE_OBJC_ARC = YES;
				CLANG_ENABLE_OBJC_WEAK = YES;
				CLANG_WARN_BLOCK_CAPTURE_AUTORELEASING = YES;
				CLANG_WARN_BOOL_CONVERSION = YES;
				CLANG_WARN_COMMA = YES;
				CLANG_WARN_CONSTANT_CONVERSION = YES;
				CLANG_WARN_DEPRECATED_OBJC_IMPLEMENTATIONS = YES;
				CLANG_WARN_DIRECT_OBJC_ISA_USAGE = YES_ERROR;
				CLANG_WARN_DOCUMENTATION_COMMENTS = YES;
				CLANG_WARN_EMPTY_BODY = YES;
				CLANG_WARN_ENUM_CONVERSION = YES;
				CLANG_WARN_INFINITE_RECURSION = YES;
				CLANG_WARN_INT_CONVERSION = YES;
				CLANG_WARN_NON_LITERAL_NULL_CONVERSION = YES;
				CLANG_WARN_OBJC_IMPLICIT_RETAIN_SELF = YES;
				CLANG_WARN_OBJC_LITERAL_CONVERSION = YES;
				CLANG_WARN_OBJC_ROOT_CLASS = YES_ERROR;
				CLANG_WARN_QUOTED_INCLUDE_IN_FRAMEWORK_HEADER = YES;
				CLANG_WARN_RANGE_LOOP_ANALYSIS = YES;
				CLANG_WARN_STRICT_PROTOTYPES = YES;
				CLANG_WARN_SUSPICIOUS_MOVE = YES;
				CLANG_WARN_UNGUARDED_AVAILABILITY = YES_AGGRESSIVE;
				CLANG_WARN_UNREACHABLE_CODE = YES;
				CLANG_WARN__DUPLICATE_METHOD_MATCH = YES;
				COPY_PHASE_STRIP = NO;
				DEBUG_INFORMATION_FORMAT = "dwarf-with-dsym";
				DEVELOPMENT_TEAM = BV35B44US2;
				ENABLE_NS_ASSERTIONS = NO;
				ENABLE_STRICT_OBJC_MSGSEND = YES;
				ENABLE_USER_SCRIPT_SANDBOXING = YES;
				GCC_C_LANGUAGE_STANDARD = gnu17;
				GCC_NO_COMMON_BLOCKS = YES;
				GCC_WARN_64_TO_32_BIT_CONVERSION = YES;
				GCC_WARN_ABOUT_RETURN_TYPE = YES_ERROR;
				GCC_WARN_UNDECLARED_SELECTOR = YES;
				GCC_WARN_UNINITIALIZED_AUTOS = YES_AGGRESSIVE;
				GCC_WARN_UNUSED_FUNCTION = YES;
				GCC_WARN_UNUSED_VARIABLE = YES;
				IPHONEOS_DEPLOYMENT_TARGET = 16.0;
				LOCALIZATION_PREFERS_STRING_CATALOGS = YES;
				MTL_ENABLE_DEBUG_INFO = NO;
				MTL_FAST_MATH = YES;
				SDKROOT = iphoneos;
				SWIFT_COMPILATION_MODE = wholemodule;
				VALIDATE_PRODUCT = YES;
			};
			name = Release;
		};
		A1A1A1152B000002 /* Debug */ = {
			isa = XCBuildConfiguration;
			buildSettings = {
				ASSETCATALOG_COMPILER_APPICON_NAME = AppIcon;
				ASSETCATALOG_COMPILER_GLOBAL_ACCENT_COLOR_NAME = AccentColor;
				CODE_SIGN_STYLE = Automatic;
				CURRENT_PROJECT_VERSION = 1;
				ENABLE_PREVIEWS = YES;
				GENERATE_INFOPLIST_FILE = YES;
				INFOPLIST_FILE = Rosita/Info.plist;
				INFOPLIST_KEY_UIApplicationSupportsIndirectInputEvents = YES;
				INFOPLIST_KEY_UILaunchScreen_Generation = YES;
				INFOPLIST_KEY_UISupportedInterfaceOrientations = "UIInterfaceOrientationLandscapeLeft UIInterfaceOrientationLandscapeRight";
				INFOPLIST_KEY_UISupportedInterfaceOrientations_iPad = "UIInterfaceOrientationLandscapeLeft UIInterfaceOrientationLandscapeRight";
				INFOPLIST_KEY_UISupportedInterfaceOrientations_iPhone = "UIInterfaceOrientationLandscapeLeft UIInterfaceOrientationLandscapeRight";
				LD_RUNPATH_SEARCH_PATHS = (
					"$(inherited)",
					"@executable_path/Frameworks",
				);
				MARKETING_VERSION = 1.0;
				PRODUCT_BUNDLE_IDENTIFIER = com.jadewii.rosita;
				PRODUCT_NAME = "$(TARGET_NAME)";
				SWIFT_EMIT_LOC_STRINGS = YES;
				SWIFT_VERSION = 5.0;
				TARGETED_DEVICE_FAMILY = 2;
			};
			name = Debug;
		};
		A1A1A1162B000002 /* Release */ = {
			isa = XCBuildConfiguration;
			buildSettings = {
				ASSETCATALOG_COMPILER_APPICON_NAME = AppIcon;
				ASSETCATALOG_COMPILER_GLOBAL_ACCENT_COLOR_NAME = AccentColor;
				CODE_SIGN_IDENTITY = "Apple Development";
				CODE_SIGN_STYLE = Automatic;
				CURRENT_PROJECT_VERSION = 1;
				ENABLE_PREVIEWS = YES;
				GENERATE_INFOPLIST_FILE = YES;
				INFOPLIST_FILE = Rosita/Info.plist;
				INFOPLIST_KEY_UIApplicationSupportsIndirectInputEvents = YES;
				INFOPLIST_KEY_UILaunchScreen_Generation = YES;
				INFOPLIST_KEY_UISupportedInterfaceOrientations = "UIInterfaceOrientationLandscapeLeft UIInterfaceOrientationLandscapeRight";
				INFOPLIST_KEY_UISupportedInterfaceOrientations_iPad = "UIInterfaceOrientationLandscapeLeft UIInterfaceOrientationLandscapeRight";
				INFOPLIST_KEY_UISupportedInterfaceOrientations_iPhone = "UIInterfaceOrientationLandscapeLeft UIInterfaceOrientationLandscapeRight";
				LD_RUNPATH_SEARCH_PATHS = (
					"$(inherited)",
					"@executable_path/Frameworks",
				);
				MARKETING_VERSION = 1.0;
				PRODUCT_BUNDLE_IDENTIFIER = com.jadewii.rosita;
				PRODUCT_NAME = "$(TARGET_NAME)";
				PROVISIONING_PROFILE_SPECIFIER = "";
				SWIFT_EMIT_LOC_STRINGS = YES;
				SWIFT_VERSION = 5.0;
				TARGETED_DEVICE_FAMILY = 2;
			};
			name = Release;
		};
/* End XCBuildConfiguration section */

/* Begin XCConfigurationList section */
		070B85B02E19F5C2001931A4 /* Build configuration list for PBXNativeTarget "RositaAUv3" */ = {
			isa = XCConfigurationList;
			buildConfigurations = (
				070B85AD2E19F5C2001931A4 /* Debug */,
				070B85AE2E19F5C2001931A4 /* Release */,
			);
			defaultConfigurationIsVisible = 0;
			defaultConfigurationName = Release;
		};
		A1A1A0FA2B000001 /* Build configuration list for PBXProject "Rosita" */ = {
			isa = XCConfigurationList;
			buildConfigurations = (
				A1A1A1122B000002 /* Debug */,
				A1A1A1132B000002 /* Release */,
			);
			defaultConfigurationIsVisible = 0;
			defaultConfigurationName = Release;
		};
		A1A1A1142B000002 /* Build configuration list for PBXNativeTarget "Rosita" */ = {
			isa = XCConfigurationList;
			buildConfigurations = (
				A1A1A1152B000002 /* Debug */,
				A1A1A1162B000002 /* Release */,
			);
			defaultConfigurationIsVisible = 0;
			defaultConfigurationName = Release;
		};
/* End XCConfigurationList section */
	};
	rootObject = A1A1A0F92B000001 /* Project object */;
}
